# PAI synthetic validation: Python 3.10 Linux x86_64 wheels, verified against official PyPI metadata.
cryptography==46.0.7 --hash=sha256:35719dc79d4730d30f1c2b6474bd6acda36ae2dfae1e3c16f2051f215df33ce0
cffi==2.1.1 --hash=sha256:194cffa889098ced9976c3fc6340305e43f6303657d298da55366907c05c22d6
typing-extensions==4.16.0 --hash=sha256:481caa481374e813c1b176ada14e97f1f67a4539ce9cfeb3f350d78d6370c2e8
pycparser==3.0 --hash=sha256:b727414169a36b7d524c1c3e31839a521725078d7b2ff038656844266160a992
